
Microsoft Visual Studio Solution File, Format Version 12.00
# Visual Studio Version 17
VisualStudioVersion = 17.0.32014.148
MinimumVisualStudioVersion = 10.0.40219.1
Project("{FAE04EC0-301F-11D3-BF4B-00C04F79EFBC}") = "BSNO-DiscordBot", "BSNO-DiscordBot.csproj", "{EA6E1F4F-BB73-49C9-B227-E8CD437E066B}"
EndProject
Global
	GlobalSection(SolutionConfigurationPlatforms) = preSolution
		Debug|Any CPU = Debug|Any CPU
		Release|Any CPU = Release|Any CPU
	EndGlobalSection
	GlobalSection(ProjectConfigurationPlatforms) = postSolution
		{EA6E1F4F-BB73-49C9-B227-E8CD437E066B}.Debug|Any CPU.ActiveCfg = Debug|Any CPU
		{EA6E1F4F-BB73-49C9-B227-E8CD437E066B}.Debug|Any CPU.Build.0 = Debug|Any CPU
		{EA6E1F4F-BB73-49C9-B227-E8CD437E066B}.Release|Any CPU.ActiveCfg = Release|Any CPU
		{EA6E1F4F-BB73-49C9-B227-E8CD437E066B}.Release|Any CPU.Build.0 = Release|Any CPU
	EndGlobalSection
	GlobalSection(SolutionProperties) = preSolution
		HideSolutionNode = FALSE
	EndGlobalSection
	GlobalSection(ExtensibilityGlobals) = postSolution
		SolutionGuid = {FFD9A3E1-EC89-405C-A273-AB055F330AA8}
	EndGlobalSection
EndGlobal
